{
    "_meta": {
        "hash": {
            "sha256": "98fd6d7fbcaf83a3b2da2009f28c1e9082a6cb25b376af8318849e84fc51a13d"
        },
        "pipfile-spec": 6,
        "requires": {
            "python_version": "2.7"
        },
        "sources": [
            {
                "name": "pypi",
                "url": "https://pypi.org/simple",
                "verify_ssl": true
            }
        ]
    },
    "default": {
        "certifi": {
            "hashes": [
                "sha256:e4f3620cfea4f83eedc95b24abd9cd56f3c4b146dd0177e83a21b4eb49e21e50",
                "sha256:fd7c7c74727ddcf00e9acd26bba8da604ffec95bf1c2144e67aff7a8b50e6cef"
            ],
            "version": "==2019.9.11"
        },
        "chardet": {
            "hashes": [
                "sha256:84ab92ed1c4d4f16916e05906b6b75a6c0fb5db821cc65e70cbd64a3e2a5eaae",
                "sha256:fc323ffcaeaed0e0a02bf4d117757b98aed530d9ed4531e3e15460124c106691"
            ],
            "version": "==3.0.4"
        },
        "forex-python": {
            "hashes": [
                "sha256:928951a0be8bf1139a07d21da0437ba111ef69a4d6c59b9252083611036548d5"
            ],
            "index": "pypi",
            "version": "==1.5"
        },
        "idna": {
            "hashes": [
                "sha256:c357b3f628cf53ae2c4c05627ecc484553142ca23264e593d327bcde5e9c3407",
                "sha256:ea8b7f6188e6fa117537c3df7da9fc686d485087abf6ac197f9c46432f7e4a3c"
            ],
            "version": "==2.8"
        },
        "numpy": {
            "hashes": [
                "sha256:00836128feaf9a7c7fedeea05ad593e7965f523d23fe3ffbf20cfffd88e9f2b1",
                "sha256:03b28330253904d410c3c82d66329f29645eb54a7345cb7dd7a1529d61fa603f",
                "sha256:1594aec94e4896e0688f4f405481fda50fb70547000ae71f2e894299a088a661",
                "sha256:27aa457590268cb059c47daa8c55f48c610ce81da8a062ec117f74efa9124ec9",
                "sha256:2c5a556272c67566e8f4607d1c78ad98e954fa6c32802002a4a0b029ad8dd759",
                "sha256:37fdd3bb05caaaacac58015cfa38e38b006ee9cef1eaacdb70bb68c16ac7db1d",
                "sha256:3a96e59f61c7a8f8838d0f4d19daeba551c5f07c5cdd5c81e8e9d4089ade0042",
                "sha256:3d6a354bb1a1ce2cabd47e0bdcf25364322fb55a29efb59f76944d7ee546d8b6",
                "sha256:4208b225ae049641a7a99ab92e84ce9d642ded8250d2b6c9fd61a7fa8c072561",
                "sha256:46469e7fcb689036e72ce61c3d432ed35eb4c71b5119e894845b434b0fae5813",
                "sha256:4d790e2a37aa3350667d8bb8acc919010c7e46234c3d615738564ddc6d22026f",
                "sha256:612297115bade249a118616c065597ff2e5e1f47ed220d7ba71f3e6c6ebcd814",
                "sha256:8bb452d94e964b312205b0de1238dd7209da452343653ab214b5d681780e7a0c",
                "sha256:911d91ffc6688db0454d69318584415f7dfb0fc1b8ac9b549234e39495684230",
                "sha256:9a2b950bca9faca0145491ae9fd214c432f2b1e36783399bc2c3732e7bcc94f4",
                "sha256:ada1a1cd68b9874fa480bd287438f92bd7ce88ca0dd6e8d56c70f2b3dab97314",
                "sha256:ceb353e3ae840ce76256935b18c17236ca808509f231f41d5173d7b2680d5e77",
                "sha256:dbc9e9a6a5e0c4f57498855d4e30ef8b599c0ce13fdf9d64299197508d67d9e8",
                "sha256:e6ce7c0051ed5443f8343da2a14580aa438822ae6526900332c4564f371d2aaf",
                "sha256:f42e21d8db16315bc30b437bff63d6b143befb067b8cd396fa3ef17f1c21e1a0",
                "sha256:f7fb27c0562206787011cf299c03f663c604b58a35a9c2b5218ba6485a17b145",
                "sha256:fada0492dd35412cd96e0578677e9a4bdae8f102ef2b631301fcf19066b57119",
                "sha256:fb207362394567343d84c0462ec3ba203a21c78be9a0fdbb94982e76859ec37e"
            ],
            "index": "pypi",
            "version": "==1.16.5"
        },
        "requests": {
            "hashes": [
                "sha256:11e007a8a2aa0323f5a921e9e6a2d7e4e67d9877e85773fba9ba6419025cbeb4",
                "sha256:9cf5292fcd0f598c671cfc1e0d7d1a7f13bb8085e9a590f48c010551dc6c4b31"
            ],
            "version": "==2.22.0"
        },
        "simplejson": {
            "hashes": [
                "sha256:067a7177ddfa32e1483ba5169ebea1bc2ea27f224853211ca669325648ca5642",
                "sha256:2fc546e6af49fb45b93bbe878dea4c48edc34083729c0abd09981fe55bdf7f91",
                "sha256:354fa32b02885e6dae925f1b5bbf842c333c1e11ea5453ddd67309dc31fdb40a",
                "sha256:37e685986cf6f8144607f90340cff72d36acf654f3653a6c47b84c5c38d00df7",
                "sha256:3af610ee72efbe644e19d5eaad575c73fb83026192114e5f6719f4901097fce2",
                "sha256:3b919fc9cf508f13b929a9b274c40786036b31ad28657819b3b9ba44ba651f50",
                "sha256:3dd289368bbd064974d9a5961101f080e939cbe051e6689a193c99fb6e9ac89b",
                "sha256:6c3258ffff58712818a233b9737fe4be943d306c40cf63d14ddc82ba563f483a",
                "sha256:75e3f0b12c28945c08f54350d91e624f8dd580ab74fd4f1bbea54bc6b0165610",
                "sha256:b1f329139ba647a9548aa05fb95d046b4a677643070dc2afc05fa2e975d09ca5",
                "sha256:ee9625fc8ee164902dfbb0ff932b26df112da9f871c32f0f9c1bcf20c350fe2a",
                "sha256:fb2530b53c28f0d4d84990e945c2ebb470edb469d63e389bf02ff409012fe7c5"
            ],
            "version": "==3.16.0"
        },
        "urllib3": {
            "hashes": [
                "sha256:3de946ffbed6e6746608990594d08faac602528ac7015ac28d33cee6a45b7398",
                "sha256:9a107b99a5393caf59c7aa3c1249c16e6879447533d0887f4336dde834c7be86"
            ],
            "version": "==1.25.6"
        }
    },
    "develop": {}
}
